
Microsoft Visual Studio Solution File, Format Version 12.00
# Visual Studio Version 17
VisualStudioVersion = 17.1.32407.343
MinimumVisualStudioVersion = 10.0.40219.1
Project("{2150E333-8FDC-42A3-9474-1A3956D46DE8}") = "src", "src", "{0FF2608F-6481-4876-A372-AEF2F97B0C88}"
EndProject
Project("{2150E333-8FDC-42A3-9474-1A3956D46DE8}") = "test", "test", "{D68FDDCE-3252-40C6-8C1B-E957E9196FCA}"
EndProject
Project("{FAE04EC0-301F-11D3-BF4B-00C04F79EFBC}") = "Api", "src\Api\Api.csproj", "{D43C7FBE-4CC8-47BF-9B7D-8C0EBA27412A}"
EndProject
Global
	GlobalSection(SolutionConfigurationPlatforms) = preSolution
		Debug|Any CPU = Debug|Any CPU
		Release|Any CPU = Release|Any CPU
	EndGlobalSection
	GlobalSection(ProjectConfigurationPlatforms) = postSolution
		{D43C7FBE-4CC8-47BF-9B7D-8C0EBA27412A}.Debug|Any CPU.ActiveCfg = Debug|Any CPU
		{D43C7FBE-4CC8-47BF-9B7D-8C0EBA27412A}.Debug|Any CPU.Build.0 = Debug|Any CPU
		{D43C7FBE-4CC8-47BF-9B7D-8C0EBA27412A}.Release|Any CPU.ActiveCfg = Release|Any CPU
		{D43C7FBE-4CC8-47BF-9B7D-8C0EBA27412A}.Release|Any CPU.Build.0 = Release|Any CPU
	EndGlobalSection
	GlobalSection(SolutionProperties) = preSolution
		HideSolutionNode = FALSE
	EndGlobalSection
	GlobalSection(NestedProjects) = preSolution
		{D43C7FBE-4CC8-47BF-9B7D-8C0EBA27412A} = {0FF2608F-6481-4876-A372-AEF2F97B0C88}
	EndGlobalSection
	GlobalSection(ExtensibilityGlobals) = postSolution
		SolutionGuid = {3E6A8C2C-5476-4479-8E6E-91CB91B52556}
	EndGlobalSection
EndGlobal
